
Microsoft Visual Studio Solution File, Format Version 12.00
# Visual Studio Version 17
VisualStudioVersion = 17.3.32929.385
MinimumVisualStudioVersion = 10.0.40219.1
Project("{FAE04EC0-301F-11D3-BF4B-00C04F79EFBC}") = "cs Lab1 Medvedev 8I21", "cs Lab1 Medvedev 8I21.csproj", "{848B9878-DDDB-41DE-A803-A41A35855000}"
EndProject
Project("{FAE04EC0-301F-11D3-BF4B-00C04F79EFBC}") = "Domino_Game", "..\Domino_Game\Domino_Game.csproj", "{F7CCE3CE-AA44-4017-B372-345DD06C41D9}"
EndProject
Global
	GlobalSection(SolutionConfigurationPlatforms) = preSolution
		Debug|Any CPU = Debug|Any CPU
		Release|Any CPU = Release|Any CPU
	EndGlobalSection
	GlobalSection(ProjectConfigurationPlatforms) = postSolution
		{848B9878-DDDB-41DE-A803-A41A35855000}.Debug|Any CPU.ActiveCfg = Debug|Any CPU
		{848B9878-DDDB-41DE-A803-A41A35855000}.Debug|Any CPU.Build.0 = Debug|Any CPU
		{848B9878-DDDB-41DE-A803-A41A35855000}.Release|Any CPU.ActiveCfg = Release|Any CPU
		{848B9878-DDDB-41DE-A803-A41A35855000}.Release|Any CPU.Build.0 = Release|Any CPU
		{F7CCE3CE-AA44-4017-B372-345DD06C41D9}.Debug|Any CPU.ActiveCfg = Debug|Any CPU
		{F7CCE3CE-AA44-4017-B372-345DD06C41D9}.Debug|Any CPU.Build.0 = Debug|Any CPU
		{F7CCE3CE-AA44-4017-B372-345DD06C41D9}.Release|Any CPU.ActiveCfg = Release|Any CPU
		{F7CCE3CE-AA44-4017-B372-345DD06C41D9}.Release|Any CPU.Build.0 = Release|Any CPU
	EndGlobalSection
	GlobalSection(SolutionProperties) = preSolution
		HideSolutionNode = FALSE
	EndGlobalSection
	GlobalSection(ExtensibilityGlobals) = postSolution
		SolutionGuid = {FF670A4E-73E8-4466-9D1D-4C18CA130AD7}
	EndGlobalSection
EndGlobal
